
Microsoft Visual Studio Solution File, Format Version 12.00
# Visual Studio Version 17
VisualStudioVersion = 17.13.35818.85
MinimumVisualStudioVersion = 10.0.40219.1
Project("{FAE04EC0-301F-11D3-BF4B-00C04F79EFBC}") = "Library", "Library\Library.csproj", "{AB85DDF0-D8A7-4F21-A318-C6591EFFD347}"
EndProject
Project("{FAE04EC0-301F-11D3-BF4B-00C04F79EFBC}") = "LibraryInterface", "LibraryInterface\LibraryInterface.csproj", "{81498F1D-D412-4112-A9F2-266A79D3237E}"
EndProject
Project("{FAE04EC0-301F-11D3-BF4B-00C04F79EFBC}") = "LibraryAPI", "LibraryAPI\LibraryAPI.csproj", "{93A71B75-380F-499A-81C3-60E8E7DE4D37}"
EndProject
Global
	GlobalSection(SolutionConfigurationPlatforms) = preSolution
		Debug|Any CPU = Debug|Any CPU
		Release|Any CPU = Release|Any CPU
	EndGlobalSection
	GlobalSection(ProjectConfigurationPlatforms) = postSolution
		{AB85DDF0-D8A7-4F21-A318-C6591EFFD347}.Debug|Any CPU.ActiveCfg = Debug|Any CPU
		{AB85DDF0-D8A7-4F21-A318-C6591EFFD347}.Debug|Any CPU.Build.0 = Debug|Any CPU
		{AB85DDF0-D8A7-4F21-A318-C6591EFFD347}.Release|Any CPU.ActiveCfg = Release|Any CPU
		{AB85DDF0-D8A7-4F21-A318-C6591EFFD347}.Release|Any CPU.Build.0 = Release|Any CPU
		{81498F1D-D412-4112-A9F2-266A79D3237E}.Debug|Any CPU.ActiveCfg = Debug|Any CPU
		{81498F1D-D412-4112-A9F2-266A79D3237E}.Debug|Any CPU.Build.0 = Debug|Any CPU
		{81498F1D-D412-4112-A9F2-266A79D3237E}.Release|Any CPU.ActiveCfg = Release|Any CPU
		{81498F1D-D412-4112-A9F2-266A79D3237E}.Release|Any CPU.Build.0 = Release|Any CPU
		{93A71B75-380F-499A-81C3-60E8E7DE4D37}.Debug|Any CPU.ActiveCfg = Debug|Any CPU
		{93A71B75-380F-499A-81C3-60E8E7DE4D37}.Debug|Any CPU.Build.0 = Debug|Any CPU
		{93A71B75-380F-499A-81C3-60E8E7DE4D37}.Release|Any CPU.ActiveCfg = Release|Any CPU
		{93A71B75-380F-499A-81C3-60E8E7DE4D37}.Release|Any CPU.Build.0 = Release|Any CPU
	EndGlobalSection
	GlobalSection(SolutionProperties) = preSolution
		HideSolutionNode = FALSE
	EndGlobalSection
	GlobalSection(ExtensibilityGlobals) = postSolution
		SolutionGuid = {9E0E468E-5595-4686-8842-057AEE7AFCD2}
	EndGlobalSection
EndGlobal
